
Microsoft Visual Studio Solution File, Format Version 12.00
# Visual Studio Version 17
VisualStudioVersion = 17.9.34728.123
MinimumVisualStudioVersion = 10.0.40219.1
Project("{FAE04EC0-301F-11D3-BF4B-00C04F79EFBC}") = "WebAPI", "WebAPI\WebAPI.csproj", "{4DB6D6E3-027A-46C5-B9D7-A849BD32D23B}"
EndProject
Project("{FAE04EC0-301F-11D3-BF4B-00C04F79EFBC}") = "Infrastructure", "Infrastructure\Infrastructure.csproj", "{CBA6228E-5581-465B-BC74-7F33546AE210}"
EndProject
Global
	GlobalSection(SolutionConfigurationPlatforms) = preSolution
		Debug|Any CPU = Debug|Any CPU
		Release|Any CPU = Release|Any CPU
	EndGlobalSection
	GlobalSection(ProjectConfigurationPlatforms) = postSolution
		{4DB6D6E3-027A-46C5-B9D7-A849BD32D23B}.Debug|Any CPU.ActiveCfg = Debug|Any CPU
		{4DB6D6E3-027A-46C5-B9D7-A849BD32D23B}.Debug|Any CPU.Build.0 = Debug|Any CPU
		{4DB6D6E3-027A-46C5-B9D7-A849BD32D23B}.Release|Any CPU.ActiveCfg = Release|Any CPU
		{4DB6D6E3-027A-46C5-B9D7-A849BD32D23B}.Release|Any CPU.Build.0 = Release|Any CPU
		{CBA6228E-5581-465B-BC74-7F33546AE210}.Debug|Any CPU.ActiveCfg = Debug|Any CPU
		{CBA6228E-5581-465B-BC74-7F33546AE210}.Debug|Any CPU.Build.0 = Debug|Any CPU
		{CBA6228E-5581-465B-BC74-7F33546AE210}.Release|Any CPU.ActiveCfg = Release|Any CPU
		{CBA6228E-5581-465B-BC74-7F33546AE210}.Release|Any CPU.Build.0 = Release|Any CPU
	EndGlobalSection
	GlobalSection(SolutionProperties) = preSolution
		HideSolutionNode = FALSE
	EndGlobalSection
	GlobalSection(ExtensibilityGlobals) = postSolution
		SolutionGuid = {C76007D1-75FC-4F41-8BDA-86CAEA3A4449}
	EndGlobalSection
EndGlobal
